
Microsoft Visual Studio Solution File, Format Version 12.00
# Visual Studio Version 17
VisualStudioVersion = 17.3.32901.215
MinimumVisualStudioVersion = 10.0.40219.1
Project("{FAE04EC0-301F-11D3-BF4B-00C04F79EFBC}") = "db-videogames", "db-videogames.csproj", "{1DC810B8-C652-418A-B3F8-1D1D991C47FA}"
EndProject
Global
	GlobalSection(SolutionConfigurationPlatforms) = preSolution
		Debug|Any CPU = Debug|Any CPU
		Release|Any CPU = Release|Any CPU
	EndGlobalSection
	GlobalSection(ProjectConfigurationPlatforms) = postSolution
		{1DC810B8-C652-418A-B3F8-1D1D991C47FA}.Debug|Any CPU.ActiveCfg = Debug|Any CPU
		{1DC810B8-C652-418A-B3F8-1D1D991C47FA}.Debug|Any CPU.Build.0 = Debug|Any CPU
		{1DC810B8-C652-418A-B3F8-1D1D991C47FA}.Release|Any CPU.ActiveCfg = Release|Any CPU
		{1DC810B8-C652-418A-B3F8-1D1D991C47FA}.Release|Any CPU.Build.0 = Release|Any CPU
	EndGlobalSection
	GlobalSection(SolutionProperties) = preSolution
		HideSolutionNode = FALSE
	EndGlobalSection
	GlobalSection(ExtensibilityGlobals) = postSolution
		SolutionGuid = {FBB0C3D7-6A2C-4DB6-95E5-D8DAB102337D}
	EndGlobalSection
EndGlobal
